# This file was autogenerated by Stack.
# You should not edit this file by hand.
# For more information, please see the documentation at:
#   https://docs.haskellstack.org/en/stable/lock_files

packages:
- completed:
    hackage: Useful-0.0.6@sha256:298a5965cbbea44c9db39b61b102cd2b9129c5a78c3639bf2c176d1103f06581,624
    pantry-tree:
      size: 481
      sha256: 461fa96b1df1f31ae43f2573e9a0bd2a2930c1c3e04df9b6208c9f7897cf93b5
  original:
    hackage: Useful-0.0.6
- completed:
    hackage: containers-0.6.3.1@sha256:b30e55ff8cc74a5a272b56f94a531cbdab4992980ebfbb6b3516aa41fcfad422,2507
    pantry-tree:
      size: 2823
      sha256: 8045ecf07824e345d54db9232707ced3596ace9907ad3129a29b1ac3dcec6de1
  original:
    hackage: containers-0.6.3.1
- completed:
    hackage: Stack-0.4.0@sha256:ada69a23ed9bbaf97260397f6b39b7a1f4e22a11bcac3fe2e8f23f1513f59fd8,1092
    pantry-tree:
      size: 355
      sha256: 4a0e8d5c268b9d19cb472ac94f0e2291afbb899ce4f5878bbbe86effeba36c6f
  original:
    hackage: Stack-0.4.0
- completed:
    hackage: haskeline-0.8.1.0@sha256:6a6158c90b929ce7aa5331ff5e9819aa32c7df8f4a7ba324b3cc055ee96b48cb,5818
    pantry-tree:
      size: 2955
      sha256: b80332551d20389637851299b618679a8435531bed1fed905195ae7163526999
  original:
    hackage: haskeline-0.8.1.0
snapshots:
- completed:
    size: 532383
    url: https://raw.githubusercontent.com/commercialhaskell/stackage-snapshots/master/lts/16/10.yaml
    sha256: 469d781ab6d2a4eceed6b31b6e4ec842dcd3cd1d11577972e86902603dce24df
  original: lts-16.10
